
Microsoft Visual Studio Solution File, Format Version 12.00
# Visual Studio Version 17
VisualStudioVersion = 17.0.31912.275
MinimumVisualStudioVersion = 10.0.40219.1
Project("{FAE04EC0-301F-11D3-BF4B-00C04F79EFBC}") = "GetSetSessionAspNetCore", "GetSetSessionAspNetCore\GetSetSessionAspNetCore.csproj", "{EA57FC6D-4A2A-400F-9F1D-C9348207FAB1}"
EndProject
Global
	GlobalSection(SolutionConfigurationPlatforms) = preSolution
		Debug|Any CPU = Debug|Any CPU
		Release|Any CPU = Release|Any CPU
	EndGlobalSection
	GlobalSection(ProjectConfigurationPlatforms) = postSolution
		{EA57FC6D-4A2A-400F-9F1D-C9348207FAB1}.Debug|Any CPU.ActiveCfg = Debug|Any CPU
		{EA57FC6D-4A2A-400F-9F1D-C9348207FAB1}.Debug|Any CPU.Build.0 = Debug|Any CPU
		{EA57FC6D-4A2A-400F-9F1D-C9348207FAB1}.Release|Any CPU.ActiveCfg = Release|Any CPU
		{EA57FC6D-4A2A-400F-9F1D-C9348207FAB1}.Release|Any CPU.Build.0 = Release|Any CPU
	EndGlobalSection
	GlobalSection(SolutionProperties) = preSolution
		HideSolutionNode = FALSE
	EndGlobalSection
	GlobalSection(ExtensibilityGlobals) = postSolution
		SolutionGuid = {820EB7E5-BA59-4E22-BA81-381C712F669A}
	EndGlobalSection
EndGlobal
